
Microsoft Visual Studio Solution File, Format Version 12.00
# Visual Studio 15
VisualStudioVersion = 15.0.28307.421
MinimumVisualStudioVersion = 10.0.40219.1
Project("{FAE04EC0-301F-11D3-BF4B-00C04F79EFBC}") = "AngularDynamicGrid", "AngularDynamicGrid\AngularDynamicGrid.csproj", "{9E90BF64-3D73-4AC7-B7BB-352B38ABFE34}"
EndProject
Global
	GlobalSection(SolutionConfigurationPlatforms) = preSolution
		Debug|Any CPU = Debug|Any CPU
		Release|Any CPU = Release|Any CPU
	EndGlobalSection
	GlobalSection(ProjectConfigurationPlatforms) = postSolution
		{9E90BF64-3D73-4AC7-B7BB-352B38ABFE34}.Debug|Any CPU.ActiveCfg = Debug|Any CPU
		{9E90BF64-3D73-4AC7-B7BB-352B38ABFE34}.Debug|Any CPU.Build.0 = Debug|Any CPU
		{9E90BF64-3D73-4AC7-B7BB-352B38ABFE34}.Release|Any CPU.ActiveCfg = Release|Any CPU
		{9E90BF64-3D73-4AC7-B7BB-352B38ABFE34}.Release|Any CPU.Build.0 = Release|Any CPU
	EndGlobalSection
	GlobalSection(SolutionProperties) = preSolution
		HideSolutionNode = FALSE
	EndGlobalSection
	GlobalSection(ExtensibilityGlobals) = postSolution
		SolutionGuid = {AD662952-E416-4A66-8DE3-748048693A27}
	EndGlobalSection
EndGlobal
